
Microsoft Visual Studio Solution File, Format Version 12.00
# Visual Studio Version 17
VisualStudioVersion = 17.11.35327.3
MinimumVisualStudioVersion = 10.0.40219.1
Project("{FAE04EC0-301F-11D3-BF4B-00C04F79EFBC}") = "RestaurantReservation", "RestaurantReservation\RestaurantReservation.csproj", "{62CE5E7D-B03E-46DC-BBA9-F86D6E181E16}"
EndProject
Project("{FAE04EC0-301F-11D3-BF4B-00C04F79EFBC}") = "RestaurantReservation.Db", "RestaurantReservation.Db\RestaurantReservation.Db.csproj", "{EA212E65-A286-49BD-967D-0BFBDC23B712}"
EndProject
Project("{FAE04EC0-301F-11D3-BF4B-00C04F79EFBC}") = "RestaurantReservation.API", "RestaurantReservation.API\RestaurantReservation.API.csproj", "{B47EEF4F-E01F-41DF-960D-0A4AB017B3A5}"
EndProject
Global
	GlobalSection(SolutionConfigurationPlatforms) = preSolution
		Debug|Any CPU = Debug|Any CPU
		Release|Any CPU = Release|Any CPU
	EndGlobalSection
	GlobalSection(ProjectConfigurationPlatforms) = postSolution
		{62CE5E7D-B03E-46DC-BBA9-F86D6E181E16}.Debug|Any CPU.ActiveCfg = Debug|Any CPU
		{62CE5E7D-B03E-46DC-BBA9-F86D6E181E16}.Debug|Any CPU.Build.0 = Debug|Any CPU
		{62CE5E7D-B03E-46DC-BBA9-F86D6E181E16}.Release|Any CPU.ActiveCfg = Release|Any CPU
		{62CE5E7D-B03E-46DC-BBA9-F86D6E181E16}.Release|Any CPU.Build.0 = Release|Any CPU
		{EA212E65-A286-49BD-967D-0BFBDC23B712}.Debug|Any CPU.ActiveCfg = Debug|Any CPU
		{EA212E65-A286-49BD-967D-0BFBDC23B712}.Debug|Any CPU.Build.0 = Debug|Any CPU
		{EA212E65-A286-49BD-967D-0BFBDC23B712}.Release|Any CPU.ActiveCfg = Release|Any CPU
		{EA212E65-A286-49BD-967D-0BFBDC23B712}.Release|Any CPU.Build.0 = Release|Any CPU
		{B47EEF4F-E01F-41DF-960D-0A4AB017B3A5}.Debug|Any CPU.ActiveCfg = Debug|Any CPU
		{B47EEF4F-E01F-41DF-960D-0A4AB017B3A5}.Debug|Any CPU.Build.0 = Debug|Any CPU
		{B47EEF4F-E01F-41DF-960D-0A4AB017B3A5}.Release|Any CPU.ActiveCfg = Release|Any CPU
		{B47EEF4F-E01F-41DF-960D-0A4AB017B3A5}.Release|Any CPU.Build.0 = Release|Any CPU
	EndGlobalSection
	GlobalSection(SolutionProperties) = preSolution
		HideSolutionNode = FALSE
	EndGlobalSection
	GlobalSection(ExtensibilityGlobals) = postSolution
		SolutionGuid = {8CACAAB8-D13C-469A-8545-DAF8DB7E2CB0}
	EndGlobalSection
EndGlobal
